// !$*UTF8*$!
{
	archiveVersion = 1;
	classes = {
	};
	objectVersion = 56;
	objects = {

/* Begin PBXBuildFile section */
		FC1275A229FAABC000B35544 /* NewMessageViewController.swift in Sources */ = {isa = PBXBuildFile; fileRef = FC1275A129FAABC000B35544 /* NewMessageViewController.swift */; };
		FC1275A429FAAC0300B35544 /* NewMessageView.swift in Sources */ = {isa = PBXBuildFile; fileRef = FC1275A329FAAC0300B35544 /* NewMessageView.swift */; };
		FCCE815D29F9505A00F2980C /* RegisterViewViewModel.swift in Sources */ = {isa = PBXBuildFile; fileRef = FCCE815C29F9505A00F2980C /* RegisterViewViewModel.swift */; };
		FCCE815F29F9571700F2980C /* GoogleService-Info.plist in Resources */ = {isa = PBXBuildFile; fileRef = FCCE815E29F9571700F2980C /* GoogleService-Info.plist */; };
		FCCE816229F9582C00F2980C /* FirebaseAuth in Frameworks */ = {isa = PBXBuildFile; productRef = FCCE816129F9582C00F2980C /* FirebaseAuth */; };
		FCCE816429F9582C00F2980C /* FirebaseFirestore in Frameworks */ = {isa = PBXBuildFile; productRef = FCCE816329F9582C00F2980C /* FirebaseFirestore */; };
		FCCE816629F9582C00F2980C /* FirebaseFirestoreSwift in Frameworks */ = {isa = PBXBuildFile; productRef = FCCE816529F9582C00F2980C /* FirebaseFirestoreSwift */; };
		FCCE816829F9582C00F2980C /* FirebaseStorage in Frameworks */ = {isa = PBXBuildFile; productRef = FCCE816729F9582C00F2980C /* FirebaseStorage */; };
		FCCE816B29F9587200F2980C /* JGProgressHUD in Frameworks */ = {isa = PBXBuildFile; productRef = FCCE816A29F9587200F2980C /* JGProgressHUD */; };
		FCCE816E29F9589C00F2980C /* SDWebImage in Frameworks */ = {isa = PBXBuildFile; productRef = FCCE816D29F9589C00F2980C /* SDWebImage */; };
		FCCE817029F95D8A00F2980C /* AuthenticationService.swift in Sources */ = {isa = PBXBuildFile; fileRef = FCCE816F29F95D8A00F2980C /* AuthenticationService.swift */; };
		FCCE817329F95FE800F2980C /* RegisterationModel.swift in Sources */ = {isa = PBXBuildFile; fileRef = FCCE817229F95FE800F2980C /* RegisterationModel.swift */; };
		FCCE817529F9661600F2980C /* CostumErrors.swift in Sources */ = {isa = PBXBuildFile; fileRef = FCCE817429F9661600F2980C /* CostumErrors.swift */; };
		FCE1A4B129F7FABE00F136D7 /* AppDelegate.swift in Sources */ = {isa = PBXBuildFile; fileRef = FCE1A4B029F7FABE00F136D7 /* AppDelegate.swift */; };
		FCE1A4B329F7FABE00F136D7 /* SceneDelegate.swift in Sources */ = {isa = PBXBuildFile; fileRef = FCE1A4B229F7FABE00F136D7 /* SceneDelegate.swift */; };
		FCE1A4BA29F7FABF00F136D7 /* Assets.xcassets in Resources */ = {isa = PBXBuildFile; fileRef = FCE1A4B929F7FABF00F136D7 /* Assets.xcassets */; };
		FCE1A4BD29F7FABF00F136D7 /* LaunchScreen.storyboard in Resources */ = {isa = PBXBuildFile; fileRef = FCE1A4BB29F7FABF00F136D7 /* LaunchScreen.storyboard */; };
		FCE1A4CB29F7FBFF00F136D7 /* ConversationsViewController.swift in Sources */ = {isa = PBXBuildFile; fileRef = FCE1A4CA29F7FBFF00F136D7 /* ConversationsViewController.swift */; };
		FCE1A4CE29F802AF00F136D7 /* ConservationsView.swift in Sources */ = {isa = PBXBuildFile; fileRef = FCE1A4CD29F802AF00F136D7 /* ConservationsView.swift */; };
		FCE1A4D129F8069E00F136D7 /* LoginViewController.swift in Sources */ = {isa = PBXBuildFile; fileRef = FCE1A4D029F8069E00F136D7 /* LoginViewController.swift */; };
		FCE1A4D329F806B500F136D7 /* RegisterViewController.swift in Sources */ = {isa = PBXBuildFile; fileRef = FCE1A4D229F806B500F136D7 /* RegisterViewController.swift */; };
		FCE1A4D629F806D200F136D7 /* LoginView.swift in Sources */ = {isa = PBXBuildFile; fileRef = FCE1A4D529F806D200F136D7 /* LoginView.swift */; };
		FCE1A4D829F806DC00F136D7 /* RegisterView.swift in Sources */ = {isa = PBXBuildFile; fileRef = FCE1A4D729F806DC00F136D7 /* RegisterView.swift */; };
		FCE1A4DA29F80A4000F136D7 /* Extensions.swift in Sources */ = {isa = PBXBuildFile; fileRef = FCE1A4D929F80A4000F136D7 /* Extensions.swift */; };
		FCE1A4DC29F8111B00F136D7 /* AuthTextFieldView.swift in Sources */ = {isa = PBXBuildFile; fileRef = FCE1A4DB29F8111B00F136D7 /* AuthTextFieldView.swift */; };
		FCE1A4E029F815C000F136D7 /* LoginViewViewModel.swift in Sources */ = {isa = PBXBuildFile; fileRef = FCE1A4DF29F815C000F136D7 /* LoginViewViewModel.swift */; };
		FCE1A4E229F815EE00F136D7 /* AuthTextFieldViewViewModel.swift in Sources */ = {isa = PBXBuildFile; fileRef = FCE1A4E129F815EE00F136D7 /* AuthTextFieldViewViewModel.swift */; };
/* End PBXBuildFile section */

/* Begin PBXFileReference section */
		FC1275A129FAABC000B35544 /* NewMessageViewController.swift */ = {isa = PBXFileReference; lastKnownFileType = sourcecode.swift; path = NewMessageViewController.swift; sourceTree = "<group>"; };
		FC1275A329FAAC0300B35544 /* NewMessageView.swift */ = {isa = PBXFileReference; lastKnownFileType = sourcecode.swift; path = NewMessageView.swift; sourceTree = "<group>"; };
		FCCE815C29F9505A00F2980C /* RegisterViewViewModel.swift */ = {isa = PBXFileReference; lastKnownFileType = sourcecode.swift; path = RegisterViewViewModel.swift; sourceTree = "<group>"; };
		FCCE815E29F9571700F2980C /* GoogleService-Info.plist */ = {isa = PBXFileReference; fileEncoding = 4; lastKnownFileType = text.plist.xml; path = "GoogleService-Info.plist"; sourceTree = "<group>"; };
		FCCE816F29F95D8A00F2980C /* AuthenticationService.swift */ = {isa = PBXFileReference; lastKnownFileType = sourcecode.swift; path = AuthenticationService.swift; sourceTree = "<group>"; };
		FCCE817229F95FE800F2980C /* RegisterationModel.swift */ = {isa = PBXFileReference; lastKnownFileType = sourcecode.swift; path = RegisterationModel.swift; sourceTree = "<group>"; };
		FCCE817429F9661600F2980C /* CostumErrors.swift */ = {isa = PBXFileReference; lastKnownFileType = sourcecode.swift; path = CostumErrors.swift; sourceTree = "<group>"; };
		FCE1A4AD29F7FABE00F136D7 /* FirebaseChatApp.app */ = {isa = PBXFileReference; explicitFileType = wrapper.application; includeInIndex = 0; path = FirebaseChatApp.app; sourceTree = BUILT_PRODUCTS_DIR; };
		FCE1A4B029F7FABE00F136D7 /* AppDelegate.swift */ = {isa = PBXFileReference; lastKnownFileType = sourcecode.swift; path = AppDelegate.swift; sourceTree = "<group>"; };
		FCE1A4B229F7FABE00F136D7 /* SceneDelegate.swift */ = {isa = PBXFileReference; lastKnownFileType = sourcecode.swift; path = SceneDelegate.swift; sourceTree = "<group>"; };
		FCE1A4B929F7FABF00F136D7 /* Assets.xcassets */ = {isa = PBXFileReference; lastKnownFileType = folder.assetcatalog; path = Assets.xcassets; sourceTree = "<group>"; };
		FCE1A4BC29F7FABF00F136D7 /* Base */ = {isa = PBXFileReference; lastKnownFileType = file.storyboard; name = Base; path = Base.lproj/LaunchScreen.storyboard; sourceTree = "<group>"; };
		FCE1A4BE29F7FABF00F136D7 /* Info.plist */ = {isa = PBXFileReference; lastKnownFileType = text.plist.xml; path = Info.plist; sourceTree = "<group>"; };
		FCE1A4CA29F7FBFF00F136D7 /* ConversationsViewController.swift */ = {isa = PBXFileReference; lastKnownFileType = sourcecode.swift; path = ConversationsViewController.swift; sourceTree = "<group>"; };
		FCE1A4CD29F802AF00F136D7 /* ConservationsView.swift */ = {isa = PBXFileReference; lastKnownFileType = sourcecode.swift; path = ConservationsView.swift; sourceTree = "<group>"; };
		FCE1A4D029F8069E00F136D7 /* LoginViewController.swift */ = {isa = PBXFileReference; lastKnownFileType = sourcecode.swift; path = LoginViewController.swift; sourceTree = "<group>"; };
		FCE1A4D229F806B500F136D7 /* RegisterViewController.swift */ = {isa = PBXFileReference; lastKnownFileType = sourcecode.swift; path = RegisterViewController.swift; sourceTree = "<group>"; };
		FCE1A4D529F806D200F136D7 /* LoginView.swift */ = {isa = PBXFileReference; lastKnownFileType = sourcecode.swift; path = LoginView.swift; sourceTree = "<group>"; };
		FCE1A4D729F806DC00F136D7 /* RegisterView.swift */ = {isa = PBXFileReference; lastKnownFileType = sourcecode.swift; path = RegisterView.swift; sourceTree = "<group>"; };
		FCE1A4D929F80A4000F136D7 /* Extensions.swift */ = {isa = PBXFileReference; lastKnownFileType = sourcecode.swift; path = Extensions.swift; sourceTree = "<group>"; };
		FCE1A4DB29F8111B00F136D7 /* AuthTextFieldView.swift */ = {isa = PBXFileReference; lastKnownFileType = sourcecode.swift; path = AuthTextFieldView.swift; sourceTree = "<group>"; };
		FCE1A4DF29F815C000F136D7 /* LoginViewViewModel.swift */ = {isa = PBXFileReference; lastKnownFileType = sourcecode.swift; path = LoginViewViewModel.swift; sourceTree = "<group>"; };
		FCE1A4E129F815EE00F136D7 /* AuthTextFieldViewViewModel.swift */ = {isa = PBXFileReference; lastKnownFileType = sourcecode.swift; path = AuthTextFieldViewViewModel.swift; sourceTree = "<group>"; };
/* End PBXFileReference section */

/* Begin PBXFrameworksBuildPhase section */
		FCE1A4AA29F7FABE00F136D7 /* Frameworks */ = {
			isa = PBXFrameworksBuildPhase;
			buildActionMask = 2147483647;
			files = (
				FCCE816E29F9589C00F2980C /* SDWebImage in Frameworks */,
				FCCE816229F9582C00F2980C /* FirebaseAuth in Frameworks */,
				FCCE816829F9582C00F2980C /* FirebaseStorage in Frameworks */,
				FCCE816429F9582C00F2980C /* FirebaseFirestore in Frameworks */,
				FCCE816629F9582C00F2980C /* FirebaseFirestoreSwift in Frameworks */,
				FCCE816B29F9587200F2980C /* JGProgressHUD in Frameworks */,
			);
			runOnlyForDeploymentPostprocessing = 0;
		};
/* End PBXFrameworksBuildPhase section */

/* Begin PBXGroup section */
		FCCE817129F95FDB00F2980C /* Authentication */ = {
			isa = PBXGroup;
			children = (
				FCCE817229F95FE800F2980C /* RegisterationModel.swift */,
			);
			path = Authentication;
			sourceTree = "<group>";
		};
		FCE1A4A429F7FABE00F136D7 = {
			isa = PBXGroup;
			children = (
				FCE1A4AF29F7FABE00F136D7 /* FirebaseChatApp */,
				FCE1A4AE29F7FABE00F136D7 /* Products */,
			);
			sourceTree = "<group>";
		};
		FCE1A4AE29F7FABE00F136D7 /* Products */ = {
			isa = PBXGroup;
			children = (
				FCE1A4AD29F7FABE00F136D7 /* FirebaseChatApp.app */,
			);
			name = Products;
			sourceTree = "<group>";
		};
		FCE1A4AF29F7FABE00F136D7 /* FirebaseChatApp */ = {
			isa = PBXGroup;
			children = (
				FCE1A4C829F7FBCD00F136D7 /* API */,
				FCE1A4C429F7FBB700F136D7 /* Model */,
				FCE1A4C529F7FBBD00F136D7 /* ViewModel */,
				FCE1A4C629F7FBC600F136D7 /* View */,
				FCE1A4C729F7FBC900F136D7 /* Controller */,
				FCE1A4C929F7FBD200F136D7 /* Utils */,
				FCE1A4CC29F7FC2100F136D7 /* Resources */,
				FCE1A4BE29F7FABF00F136D7 /* Info.plist */,
				FCCE815E29F9571700F2980C /* GoogleService-Info.plist */,
			);
			path = FirebaseChatApp;
			sourceTree = "<group>";
		};
		FCE1A4C429F7FBB700F136D7 /* Model */ = {
			isa = PBXGroup;
			children = (
				FCCE817129F95FDB00F2980C /* Authentication */,
			);
			path = Model;
			sourceTree = "<group>";
		};
		FCE1A4C529F7FBBD00F136D7 /* ViewModel */ = {
			isa = PBXGroup;
			children = (
				FCE1A4DE29F815B100F136D7 /* Authentication */,
			);
			path = ViewModel;
			sourceTree = "<group>";
		};
		FCE1A4C629F7FBC600F136D7 /* View */ = {
			isa = PBXGroup;
			children = (
				FCE1A4D429F806C500F136D7 /* Authentication */,
				FCE1A4CD29F802AF00F136D7 /* ConservationsView.swift */,
				FC1275A329FAAC0300B35544 /* NewMessageView.swift */,
			);
			path = View;
			sourceTree = "<group>";
		};
		FCE1A4C729F7FBC900F136D7 /* Controller */ = {
			isa = PBXGroup;
			children = (
				FCE1A4CF29F8065900F136D7 /* Authentication */,
				FCE1A4CA29F7FBFF00F136D7 /* ConversationsViewController.swift */,
				FC1275A129FAABC000B35544 /* NewMessageViewController.swift */,
			);
			path = Controller;
			sourceTree = "<group>";
		};
		FCE1A4C829F7FBCD00F136D7 /* API */ = {
			isa = PBXGroup;
			children = (
				FCCE816F29F95D8A00F2980C /* AuthenticationService.swift */,
			);
			path = API;
			sourceTree = "<group>";
		};
		FCE1A4C929F7FBD200F136D7 /* Utils */ = {
			isa = PBXGroup;
			children = (
				FCE1A4D929F80A4000F136D7 /* Extensions.swift */,
				FCCE817429F9661600F2980C /* CostumErrors.swift */,
			);
			path = Utils;
			sourceTree = "<group>";
		};
		FCE1A4CC29F7FC2100F136D7 /* Resources */ = {
			isa = PBXGroup;
			children = (
				FCE1A4B029F7FABE00F136D7 /* AppDelegate.swift */,
				FCE1A4B229F7FABE00F136D7 /* SceneDelegate.swift */,
				FCE1A4B929F7FABF00F136D7 /* Assets.xcassets */,
				FCE1A4BB29F7FABF00F136D7 /* LaunchScreen.storyboard */,
			);
			path = Resources;
			sourceTree = "<group>";
		};
		FCE1A4CF29F8065900F136D7 /* Authentication */ = {
			isa = PBXGroup;
			children = (
				FCE1A4D029F8069E00F136D7 /* LoginViewController.swift */,
				FCE1A4D229F806B500F136D7 /* RegisterViewController.swift */,
			);
			path = Authentication;
			sourceTree = "<group>";
		};
		FCE1A4D429F806C500F136D7 /* Authentication */ = {
			isa = PBXGroup;
			children = (
				FCE1A4D529F806D200F136D7 /* LoginView.swift */,
				FCE1A4D729F806DC00F136D7 /* RegisterView.swift */,
				FCE1A4DB29F8111B00F136D7 /* AuthTextFieldView.swift */,
			);
			path = Authentication;
			sourceTree = "<group>";
		};
		FCE1A4DE29F815B100F136D7 /* Authentication */ = {
			isa = PBXGroup;
			children = (
				FCE1A4DF29F815C000F136D7 /* LoginViewViewModel.swift */,
				FCCE815C29F9505A00F2980C /* RegisterViewViewModel.swift */,
				FCE1A4E129F815EE00F136D7 /* AuthTextFieldViewViewModel.swift */,
			);
			path = Authentication;
			sourceTree = "<group>";
		};
/* End PBXGroup section */

/* Begin PBXNativeTarget section */
		FCE1A4AC29F7FABE00F136D7 /* FirebaseChatApp */ = {
			isa = PBXNativeTarget;
			buildConfigurationList = FCE1A4C129F7FABF00F136D7 /* Build configuration list for PBXNativeTarget "FirebaseChatApp" */;
			buildPhases = (
				FCE1A4A929F7FABE00F136D7 /* Sources */,
				FCE1A4AA29F7FABE00F136D7 /* Frameworks */,
				FCE1A4AB29F7FABE00F136D7 /* Resources */,
			);
			buildRules = (
			);
			dependencies = (
			);
			name = FirebaseChatApp;
			packageProductDependencies = (
				FCCE816129F9582C00F2980C /* FirebaseAuth */,
				FCCE816329F9582C00F2980C /* FirebaseFirestore */,
				FCCE816529F9582C00F2980C /* FirebaseFirestoreSwift */,
				FCCE816729F9582C00F2980C /* FirebaseStorage */,
				FCCE816A29F9587200F2980C /* JGProgressHUD */,
				FCCE816D29F9589C00F2980C /* SDWebImage */,
			);
			productName = FirebaseChatApp;
			productReference = FCE1A4AD29F7FABE00F136D7 /* FirebaseChatApp.app */;
			productType = "com.apple.product-type.application";
		};
/* End PBXNativeTarget section */

/* Begin PBXProject section */
		FCE1A4A529F7FABE00F136D7 /* Project object */ = {
			isa = PBXProject;
			attributes = {
				BuildIndependentTargetsInParallel = 1;
				LastSwiftUpdateCheck = 1420;
				LastUpgradeCheck = 1420;
				TargetAttributes = {
					FCE1A4AC29F7FABE00F136D7 = {
						CreatedOnToolsVersion = 14.2;
					};
				};
			};
			buildConfigurationList = FCE1A4A829F7FABE00F136D7 /* Build configuration list for PBXProject "FirebaseChatApp" */;
			compatibilityVersion = "Xcode 14.0";
			developmentRegion = en;
			hasScannedForEncodings = 0;
			knownRegions = (
				en,
				Base,
			);
			mainGroup = FCE1A4A429F7FABE00F136D7;
			packageReferences = (
				FCCE816029F9582C00F2980C /* XCRemoteSwiftPackageReference "firebase-ios-sdk" */,
				FCCE816929F9587200F2980C /* XCRemoteSwiftPackageReference "JGProgressHUD" */,
				FCCE816C29F9589C00F2980C /* XCRemoteSwiftPackageReference "SDWebImage" */,
			);
			productRefGroup = FCE1A4AE29F7FABE00F136D7 /* Products */;
			projectDirPath = "";
			projectRoot = "";
			targets = (
				FCE1A4AC29F7FABE00F136D7 /* FirebaseChatApp */,
			);
		};
/* End PBXProject section */

/* Begin PBXResourcesBuildPhase section */
		FCE1A4AB29F7FABE00F136D7 /* Resources */ = {
			isa = PBXResourcesBuildPhase;
			buildActionMask = 2147483647;
			files = (
				FCE1A4BD29F7FABF00F136D7 /* LaunchScreen.storyboard in Resources */,
				FCE1A4BA29F7FABF00F136D7 /* Assets.xcassets in Resources */,
				FCCE815F29F9571700F2980C /* GoogleService-Info.plist in Resources */,
			);
			runOnlyForDeploymentPostprocessing = 0;
		};
/* End PBXResourcesBuildPhase section */

/* Begin PBXSourcesBuildPhase section */
		FCE1A4A929F7FABE00F136D7 /* Sources */ = {
			isa = PBXSourcesBuildPhase;
			buildActionMask = 2147483647;
			files = (
				FCE1A4E029F815C000F136D7 /* LoginViewViewModel.swift in Sources */,
				FCE1A4B129F7FABE00F136D7 /* AppDelegate.swift in Sources */,
				FCE1A4DA29F80A4000F136D7 /* Extensions.swift in Sources */,
				FCE1A4D629F806D200F136D7 /* LoginView.swift in Sources */,
				FCCE817329F95FE800F2980C /* RegisterationModel.swift in Sources */,
				FC1275A229FAABC000B35544 /* NewMessageViewController.swift in Sources */,
				FCCE817529F9661600F2980C /* CostumErrors.swift in Sources */,
				FCE1A4B329F7FABE00F136D7 /* SceneDelegate.swift in Sources */,
				FCE1A4CB29F7FBFF00F136D7 /* ConversationsViewController.swift in Sources */,
				FC1275A429FAAC0300B35544 /* NewMessageView.swift in Sources */,
				FCE1A4E229F815EE00F136D7 /* AuthTextFieldViewViewModel.swift in Sources */,
				FCCE815D29F9505A00F2980C /* RegisterViewViewModel.swift in Sources */,
				FCE1A4D329F806B500F136D7 /* RegisterViewController.swift in Sources */,
				FCE1A4DC29F8111B00F136D7 /* AuthTextFieldView.swift in Sources */,
				FCE1A4D829F806DC00F136D7 /* RegisterView.swift in Sources */,
				FCE1A4D129F8069E00F136D7 /* LoginViewController.swift in Sources */,
				FCE1A4CE29F802AF00F136D7 /* ConservationsView.swift in Sources */,
				FCCE817029F95D8A00F2980C /* AuthenticationService.swift in Sources */,
			);
			runOnlyForDeploymentPostprocessing = 0;
		};
/* End PBXSourcesBuildPhase section */

/* Begin PBXVariantGroup section */
		FCE1A4BB29F7FABF00F136D7 /* LaunchScreen.storyboard */ = {
			isa = PBXVariantGroup;
			children = (
				FCE1A4BC29F7FABF00F136D7 /* Base */,
			);
			name = LaunchScreen.storyboard;
			sourceTree = "<group>";
		};
/* End PBXVariantGroup section */

/* Begin XCBuildConfiguration section */
		FCE1A4BF29F7FABF00F136D7 /* Debug */ = {
			isa = XCBuildConfiguration;
			buildSettings = {
				ALWAYS_SEARCH_USER_PATHS = NO;
				CLANG_ANALYZER_NONNULL = YES;
				CLANG_ANALYZER_NUMBER_OBJECT_CONVERSION = YES_AGGRESSIVE;
				CLANG_CXX_LANGUAGE_STANDARD = "gnu++20";
				CLANG_ENABLE_MODULES = YES;
				CLANG_ENABLE_OBJC_ARC = YES;
				CLANG_ENABLE_OBJC_WEAK = YES;
				CLANG_WARN_BLOCK_CAPTURE_AUTORELEASING = YES;
				CLANG_WARN_BOOL_CONVERSION = YES;
				CLANG_WARN_COMMA = YES;
				CLANG_WARN_CONSTANT_CONVERSION = YES;
				CLANG_WARN_DEPRECATED_OBJC_IMPLEMENTATIONS = YES;
				CLANG_WARN_DIRECT_OBJC_ISA_USAGE = YES_ERROR;
				CLANG_WARN_DOCUMENTATION_COMMENTS = YES;
				CLANG_WARN_EMPTY_BODY = YES;
				CLANG_WARN_ENUM_CONVERSION = YES;
				CLANG_WARN_INFINITE_RECURSION = YES;
				CLANG_WARN_INT_CONVERSION = YES;
				CLANG_WARN_NON_LITERAL_NULL_CONVERSION = YES;
				CLANG_WARN_OBJC_IMPLICIT_RETAIN_SELF = YES;
				CLANG_WARN_OBJC_LITERAL_CONVERSION = YES;
				CLANG_WARN_OBJC_ROOT_CLASS = YES_ERROR;
				CLANG_WARN_QUOTED_INCLUDE_IN_FRAMEWORK_HEADER = YES;
				CLANG_WARN_RANGE_LOOP_ANALYSIS = YES;
				CLANG_WARN_STRICT_PROTOTYPES = YES;
				CLANG_WARN_SUSPICIOUS_MOVE = YES;
				CLANG_WARN_UNGUARDED_AVAILABILITY = YES_AGGRESSIVE;
				CLANG_WARN_UNREACHABLE_CODE = YES;
				CLANG_WARN__DUPLICATE_METHOD_MATCH = YES;
				COPY_PHASE_STRIP = NO;
				DEBUG_INFORMATION_FORMAT = dwarf;
				ENABLE_STRICT_OBJC_MSGSEND = YES;
				ENABLE_TESTABILITY = YES;
				GCC_C_LANGUAGE_STANDARD = gnu11;
				GCC_DYNAMIC_NO_PIC = NO;
				GCC_NO_COMMON_BLOCKS = YES;
				GCC_OPTIMIZATION_LEVEL = 0;
				GCC_PREPROCESSOR_DEFINITIONS = (
					"DEBUG=1",
					"$(inherited)",
				);
				GCC_WARN_64_TO_32_BIT_CONVERSION = YES;
				GCC_WARN_ABOUT_RETURN_TYPE = YES_ERROR;
				GCC_WARN_UNDECLARED_SELECTOR = YES;
				GCC_WARN_UNINITIALIZED_AUTOS = YES_AGGRESSIVE;
				GCC_WARN_UNUSED_FUNCTION = YES;
				GCC_WARN_UNUSED_VARIABLE = YES;
				IPHONEOS_DEPLOYMENT_TARGET = 16.2;
				MTL_ENABLE_DEBUG_INFO = INCLUDE_SOURCE;
				MTL_FAST_MATH = YES;
				ONLY_ACTIVE_ARCH = YES;
				SDKROOT = iphoneos;
				SWIFT_ACTIVE_COMPILATION_CONDITIONS = DEBUG;
				SWIFT_OPTIMIZATION_LEVEL = "-Onone";
			};
			name = Debug;
		};
		FCE1A4C029F7FABF00F136D7 /* Release */ = {
			isa = XCBuildConfiguration;
			buildSettings = {
				ALWAYS_SEARCH_USER_PATHS = NO;
				CLANG_ANALYZER_NONNULL = YES;
				CLANG_ANALYZER_NUMBER_OBJECT_CONVERSION = YES_AGGRESSIVE;
				CLANG_CXX_LANGUAGE_STANDARD = "gnu++20";
				CLANG_ENABLE_MODULES = YES;
				CLANG_ENABLE_OBJC_ARC = YES;
				CLANG_ENABLE_OBJC_WEAK = YES;
				CLANG_WARN_BLOCK_CAPTURE_AUTORELEASING = YES;
				CLANG_WARN_BOOL_CONVERSION = YES;
				CLANG_WARN_COMMA = YES;
				CLANG_WARN_CONSTANT_CONVERSION = YES;
				CLANG_WARN_DEPRECATED_OBJC_IMPLEMENTATIONS = YES;
				CLANG_WARN_DIRECT_OBJC_ISA_USAGE = YES_ERROR;
				CLANG_WARN_DOCUMENTATION_COMMENTS = YES;
				CLANG_WARN_EMPTY_BODY = YES;
				CLANG_WARN_ENUM_CONVERSION = YES;
				CLANG_WARN_INFINITE_RECURSION = YES;
				CLANG_WARN_INT_CONVERSION = YES;
				CLANG_WARN_NON_LITERAL_NULL_CONVERSION = YES;
				CLANG_WARN_OBJC_IMPLICIT_RETAIN_SELF = YES;
				CLANG_WARN_OBJC_LITERAL_CONVERSION = YES;
				CLANG_WARN_OBJC_ROOT_CLASS = YES_ERROR;
				CLANG_WARN_QUOTED_INCLUDE_IN_FRAMEWORK_HEADER = YES;
				CLANG_WARN_RANGE_LOOP_ANALYSIS = YES;
				CLANG_WARN_STRICT_PROTOTYPES = YES;
				CLANG_WARN_SUSPICIOUS_MOVE = YES;
				CLANG_WARN_UNGUARDED_AVAILABILITY = YES_AGGRESSIVE;
				CLANG_WARN_UNREACHABLE_CODE = YES;
				CLANG_WARN__DUPLICATE_METHOD_MATCH = YES;
				COPY_PHASE_STRIP = NO;
				DEBUG_INFORMATION_FORMAT = "dwarf-with-dsym";
				ENABLE_NS_ASSERTIONS = NO;
				ENABLE_STRICT_OBJC_MSGSEND = YES;
				GCC_C_LANGUAGE_STANDARD = gnu11;
				GCC_NO_COMMON_BLOCKS = YES;
				GCC_WARN_64_TO_32_BIT_CONVERSION = YES;
				GCC_WARN_ABOUT_RETURN_TYPE = YES_ERROR;
				GCC_WARN_UNDECLARED_SELECTOR = YES;
				GCC_WARN_UNINITIALIZED_AUTOS = YES_AGGRESSIVE;
				GCC_WARN_UNUSED_FUNCTION = YES;
				GCC_WARN_UNUSED_VARIABLE = YES;
				IPHONEOS_DEPLOYMENT_TARGET = 16.2;
				MTL_ENABLE_DEBUG_INFO = NO;
				MTL_FAST_MATH = YES;
				SDKROOT = iphoneos;
				SWIFT_COMPILATION_MODE = wholemodule;
				SWIFT_OPTIMIZATION_LEVEL = "-O";
				VALIDATE_PRODUCT = YES;
			};
			name = Release;
		};
		FCE1A4C229F7FABF00F136D7 /* Debug */ = {
			isa = XCBuildConfiguration;
			buildSettings = {
				ASSETCATALOG_COMPILER_APPICON_NAME = AppIcon;
				ASSETCATALOG_COMPILER_GLOBAL_ACCENT_COLOR_NAME = AccentColor;
				CODE_SIGN_STYLE = Automatic;
				CURRENT_PROJECT_VERSION = 1;
				DEVELOPMENT_TEAM = L63L694K4M;
				GENERATE_INFOPLIST_FILE = YES;
				INFOPLIST_FILE = FirebaseChatApp/Info.plist;
				INFOPLIST_KEY_UIApplicationSupportsIndirectInputEvents = YES;
				INFOPLIST_KEY_UILaunchStoryboardName = LaunchScreen;
				INFOPLIST_KEY_UISupportedInterfaceOrientations_iPad = "UIInterfaceOrientationPortrait UIInterfaceOrientationPortraitUpsideDown UIInterfaceOrientationLandscapeLeft UIInterfaceOrientationLandscapeRight";
				INFOPLIST_KEY_UISupportedInterfaceOrientations_iPhone = "UIInterfaceOrientationPortrait UIInterfaceOrientationLandscapeLeft UIInterfaceOrientationLandscapeRight";
				IPHONEOS_DEPLOYMENT_TARGET = 13.0;
				LD_RUNPATH_SEARCH_PATHS = (
					"$(inherited)",
					"@executable_path/Frameworks",
				);
				MARKETING_VERSION = 1.0;
				PRODUCT_BUNDLE_IDENTIFIER = com.enyaka.FirebaseChatApp;
				PRODUCT_NAME = "$(TARGET_NAME)";
				SWIFT_EMIT_LOC_STRINGS = YES;
				SWIFT_VERSION = 5.0;
				TARGETED_DEVICE_FAMILY = "1,2";
			};
			name = Debug;
		};
		FCE1A4C329F7FABF00F136D7 /* Release */ = {
			isa = XCBuildConfiguration;
			buildSettings = {
				ASSETCATALOG_COMPILER_APPICON_NAME = AppIcon;
				ASSETCATALOG_COMPILER_GLOBAL_ACCENT_COLOR_NAME = AccentColor;
				CODE_SIGN_STYLE = Automatic;
				CURRENT_PROJECT_VERSION = 1;
				DEVELOPMENT_TEAM = L63L694K4M;
				GENERATE_INFOPLIST_FILE = YES;
				INFOPLIST_FILE = FirebaseChatApp/Info.plist;
				INFOPLIST_KEY_UIApplicationSupportsIndirectInputEvents = YES;
				INFOPLIST_KEY_UILaunchStoryboardName = LaunchScreen;
				INFOPLIST_KEY_UISupportedInterfaceOrientations_iPad = "UIInterfaceOrientationPortrait UIInterfaceOrientationPortraitUpsideDown UIInterfaceOrientationLandscapeLeft UIInterfaceOrientationLandscapeRight";
				INFOPLIST_KEY_UISupportedInterfaceOrientations_iPhone = "UIInterfaceOrientationPortrait UIInterfaceOrientationLandscapeLeft UIInterfaceOrientationLandscapeRight";
				IPHONEOS_DEPLOYMENT_TARGET = 13.0;
				LD_RUNPATH_SEARCH_PATHS = (
					"$(inherited)",
					"@executable_path/Frameworks",
				);
				MARKETING_VERSION = 1.0;
				PRODUCT_BUNDLE_IDENTIFIER = com.enyaka.FirebaseChatApp;
				PRODUCT_NAME = "$(TARGET_NAME)";
				SWIFT_EMIT_LOC_STRINGS = YES;
				SWIFT_VERSION = 5.0;
				TARGETED_DEVICE_FAMILY = "1,2";
			};
			name = Release;
		};
/* End XCBuildConfiguration section */

/* Begin XCConfigurationList section */
		FCE1A4A829F7FABE00F136D7 /* Build configuration list for PBXProject "FirebaseChatApp" */ = {
			isa = XCConfigurationList;
			buildConfigurations = (
				FCE1A4BF29F7FABF00F136D7 /* Debug */,
				FCE1A4C029F7FABF00F136D7 /* Release */,
			);
			defaultConfigurationIsVisible = 0;
			defaultConfigurationName = Release;
		};
		FCE1A4C129F7FABF00F136D7 /* Build configuration list for PBXNativeTarget "FirebaseChatApp" */ = {
			isa = XCConfigurationList;
			buildConfigurations = (
				FCE1A4C229F7FABF00F136D7 /* Debug */,
				FCE1A4C329F7FABF00F136D7 /* Release */,
			);
			defaultConfigurationIsVisible = 0;
			defaultConfigurationName = Release;
		};
/* End XCConfigurationList section */

/* Begin XCRemoteSwiftPackageReference section */
		FCCE816029F9582C00F2980C /* XCRemoteSwiftPackageReference "firebase-ios-sdk" */ = {
			isa = XCRemoteSwiftPackageReference;
			repositoryURL = "https://github.com/firebase/firebase-ios-sdk";
			requirement = {
				branch = master;
				kind = branch;
			};
		};
		FCCE816929F9587200F2980C /* XCRemoteSwiftPackageReference "JGProgressHUD" */ = {
			isa = XCRemoteSwiftPackageReference;
			repositoryURL = "https://github.com/JonasGessner/JGProgressHUD.git";
			requirement = {
				kind = upToNextMajorVersion;
				minimumVersion = 2.0.0;
			};
		};
		FCCE816C29F9589C00F2980C /* XCRemoteSwiftPackageReference "SDWebImage" */ = {
			isa = XCRemoteSwiftPackageReference;
			repositoryURL = "https://github.com/SDWebImage/SDWebImage.git";
			requirement = {
				branch = master;
				kind = branch;
			};
		};
/* End XCRemoteSwiftPackageReference section */

/* Begin XCSwiftPackageProductDependency section */
		FCCE816129F9582C00F2980C /* FirebaseAuth */ = {
			isa = XCSwiftPackageProductDependency;
			package = FCCE816029F9582C00F2980C /* XCRemoteSwiftPackageReference "firebase-ios-sdk" */;
			productName = FirebaseAuth;
		};
		FCCE816329F9582C00F2980C /* FirebaseFirestore */ = {
			isa = XCSwiftPackageProductDependency;
			package = FCCE816029F9582C00F2980C /* XCRemoteSwiftPackageReference "firebase-ios-sdk" */;
			productName = FirebaseFirestore;
		};
		FCCE816529F9582C00F2980C /* FirebaseFirestoreSwift */ = {
			isa = XCSwiftPackageProductDependency;
			package = FCCE816029F9582C00F2980C /* XCRemoteSwiftPackageReference "firebase-ios-sdk" */;
			productName = FirebaseFirestoreSwift;
		};
		FCCE816729F9582C00F2980C /* FirebaseStorage */ = {
			isa = XCSwiftPackageProductDependency;
			package = FCCE816029F9582C00F2980C /* XCRemoteSwiftPackageReference "firebase-ios-sdk" */;
			productName = FirebaseStorage;
		};
		FCCE816A29F9587200F2980C /* JGProgressHUD */ = {
			isa = XCSwiftPackageProductDependency;
			package = FCCE816929F9587200F2980C /* XCRemoteSwiftPackageReference "JGProgressHUD" */;
			productName = JGProgressHUD;
		};
		FCCE816D29F9589C00F2980C /* SDWebImage */ = {
			isa = XCSwiftPackageProductDependency;
			package = FCCE816C29F9589C00F2980C /* XCRemoteSwiftPackageReference "SDWebImage" */;
			productName = SDWebImage;
		};
/* End XCSwiftPackageProductDependency section */
	};
	rootObject = FCE1A4A529F7FABE00F136D7 /* Project object */;
}
